
Microsoft Visual Studio Solution File, Format Version 12.00
# Visual Studio 15
VisualStudioVersion = 15.0.28010.2026
MinimumVisualStudioVersion = 10.0.40219.1
Project("{FAE04EC0-301F-11D3-BF4B-00C04F79EFBC}") = "OMStaffVolunteer2018", "OMStaffVolunteer2018\OMStaffVolunteer2018.csproj", "{60EE1BD9-5C0A-49D5-B28B-E71C4B36C4E1}"
EndProject
Global
	GlobalSection(SolutionConfigurationPlatforms) = preSolution
		Debug|Any CPU = Debug|Any CPU
		Release|Any CPU = Release|Any CPU
	EndGlobalSection
	GlobalSection(ProjectConfigurationPlatforms) = postSolution
		{60EE1BD9-5C0A-49D5-B28B-E71C4B36C4E1}.Debug|Any CPU.ActiveCfg = Debug|Any CPU
		{60EE1BD9-5C0A-49D5-B28B-E71C4B36C4E1}.Debug|Any CPU.Build.0 = Debug|Any CPU
		{60EE1BD9-5C0A-49D5-B28B-E71C4B36C4E1}.Release|Any CPU.ActiveCfg = Release|Any CPU
		{60EE1BD9-5C0A-49D5-B28B-E71C4B36C4E1}.Release|Any CPU.Build.0 = Release|Any CPU
	EndGlobalSection
	GlobalSection(SolutionProperties) = preSolution
		HideSolutionNode = FALSE
	EndGlobalSection
	GlobalSection(ExtensibilityGlobals) = postSolution
		LessCompiler = 60ee1bd9-5c0a-49d5-b28b-e71c4b36c4e1
		SolutionGuid = {749A3E34-38E1-4733-9146-A304C48DD00C}
	EndGlobalSection
EndGlobal
